// !$*UTF8*$!
{
	archiveVersion = 1;
	classes = {
	};
	objectVersion = 77;
	objects = {

/* Begin PBXContainerItemProxy section */
		B505B9E42E7CC7FC008D2917 /* PBXContainerItemProxy */ = {
			isa = PBXContainerItemProxy;
			containerPortal = B505B9CE2E7CC7FA008D2917 /* Project object */;
			proxyType = 1;
			remoteGlobalIDString = B505B9D52E7CC7FA008D2917;
			remoteInfo = HalalFood;
		};
		B505B9EE2E7CC7FC008D2917 /* PBXContainerItemProxy */ = {
			isa = PBXContainerItemProxy;
			containerPortal = B505B9CE2E7CC7FA008D2917 /* Project object */;
			proxyType = 1;
			remoteGlobalIDString = B505B9D52E7CC7FA008D2917;
			remoteInfo = HalalFood;
		};
/* End PBXContainerItemProxy section */

/* Begin PBXFileReference section */
		B505B9D62E7CC7FA008D2917 /* HalalFood.app */ = {isa = PBXFileReference; explicitFileType = wrapper.application; includeInIndex = 0; path = HalalFood.app; sourceTree = BUILT_PRODUCTS_DIR; };
		B505B9E32E7CC7FC008D2917 /* HalalFoodTests.xctest */ = {isa = PBXFileReference; explicitFileType = wrapper.cfbundle; includeInIndex = 0; path = HalalFoodTests.xctest; sourceTree = BUILT_PRODUCTS_DIR; };
		B505B9ED2E7CC7FC008D2917 /* HalalFoodUITests.xctest */ = {isa = PBXFileReference; explicitFileType = wrapper.cfbundle; includeInIndex = 0; path = HalalFoodUITests.xctest; sourceTree = BUILT_PRODUCTS_DIR; };
/* End PBXFileReference section */

/* Begin PBXFileSystemSynchronizedRootGroup section */
		B505B9D82E7CC7FA008D2917 /* HalalFood */ = {
			isa = PBXFileSystemSynchronizedRootGroup;
			path = HalalFood;
			sourceTree = "<group>";
		};
		B505B9E62E7CC7FC008D2917 /* HalalFoodTests */ = {
			isa = PBXFileSystemSynchronizedRootGroup;
			path = HalalFoodTests;
			sourceTree = "<group>";
		};
		B505B9F02E7CC7FC008D2917 /* HalalFoodUITests */ = {
			isa = PBXFileSystemSynchronizedRootGroup;
			path = HalalFoodUITests;
			sourceTree = "<group>";
		};
/* End PBXFileSystemSynchronizedRootGroup section */

/* Begin PBXFrameworksBuildPhase section */
		B505B9D32E7CC7FA008D2917 /* Frameworks */ = {
			isa = PBXFrameworksBuildPhase;
			buildActionMask = 2147483647;
			files = (
			);
			runOnlyForDeploymentPostprocessing = 0;
		};
		B505B9E02E7CC7FC008D2917 /* Frameworks */ = {
			isa = PBXFrameworksBuildPhase;
			buildActionMask = 2147483647;
			files = (
			);
			runOnlyForDeploymentPostprocessing = 0;
		};
		B505B9EA2E7CC7FC008D2917 /* Frameworks */ = {
			isa = PBXFrameworksBuildPhase;
			buildActionMask = 2147483647;
			files = (
			);
			runOnlyForDeploymentPostprocessing = 0;
		};
/* End PBXFrameworksBuildPhase section */

/* Begin PBXGroup section */
		B505B9CD2E7CC7FA008D2917 = {
			isa = PBXGroup;
			children = (
				B505B9D82E7CC7FA008D2917 /* HalalFood */,
				B505B9E62E7CC7FC008D2917 /* HalalFoodTests */,
				B505B9F02E7CC7FC008D2917 /* HalalFoodUITests */,
				B505B9D72E7CC7FA008D2917 /* Products */,
			);
			sourceTree = "<group>";
		};
		B505B9D72E7CC7FA008D2917 /* Products */ = {
			isa = PBXGroup;
			children = (
				B505B9D62E7CC7FA008D2917 /* HalalFood.app */,
				B505B9E32E7CC7FC008D2917 /* HalalFoodTests.xctest */,
				B505B9ED2E7CC7FC008D2917 /* HalalFoodUITests.xctest */,
			);
			name = Products;
			sourceTree = "<group>";
		};
/* End PBXGroup section */

/* Begin PBXNativeTarget section */
		B505B9D52E7CC7FA008D2917 /* HalalFood */ = {
			isa = PBXNativeTarget;
			buildConfigurationList = B505B9F72E7CC7FC008D2917 /* Build configuration list for PBXNativeTarget "HalalFood" */;
			buildPhases = (
				B505B9D22E7CC7FA008D2917 /* Sources */,
				B505B9D32E7CC7FA008D2917 /* Frameworks */,
				B505B9D42E7CC7FA008D2917 /* Resources */,
			);
			buildRules = (
			);
			dependencies = (
			);
			fileSystemSynchronizedGroups = (
				B505B9D82E7CC7FA008D2917 /* HalalFood */,
			);
			name = HalalFood;
			packageProductDependencies = (
			);
			productName = HalalFood;
			productReference = B505B9D62E7CC7FA008D2917 /* HalalFood.app */;
			productType = "com.apple.product-type.application";
		};
		B505B9E22E7CC7FC008D2917 /* HalalFoodTests */ = {
			isa = PBXNativeTarget;
			buildConfigurationList = B505B9FA2E7CC7FC008D2917 /* Build configuration list for PBXNativeTarget "HalalFoodTests" */;
			buildPhases = (
				B505B9DF2E7CC7FC008D2917 /* Sources */,
				B505B9E02E7CC7FC008D2917 /* Frameworks */,
				B505B9E12E7CC7FC008D2917 /* Resources */,
			);
			buildRules = (
			);
			dependencies = (
				B505B9E52E7CC7FC008D2917 /* PBXTargetDependency */,
			);
			fileSystemSynchronizedGroups = (
				B505B9E62E7CC7FC008D2917 /* HalalFoodTests */,
			);
			name = HalalFoodTests;
			packageProductDependencies = (
			);
			productName = HalalFoodTests;
			productReference = B505B9E32E7CC7FC008D2917 /* HalalFoodTests.xctest */;
			productType = "com.apple.product-type.bundle.unit-test";
		};
		B505B9EC2E7CC7FC008D2917 /* HalalFoodUITests */ = {
			isa = PBXNativeTarget;
			buildConfigurationList = B505B9FD2E7CC7FC008D2917 /* Build configuration list for PBXNativeTarget "HalalFoodUITests" */;
			buildPhases = (
				B505B9E92E7CC7FC008D2917 /* Sources */,
				B505B9EA2E7CC7FC008D2917 /* Frameworks */,
				B505B9EB2E7CC7FC008D2917 /* Resources */,
			);
			buildRules = (
			);
			dependencies = (
				B505B9EF2E7CC7FC008D2917 /* PBXTargetDependency */,
			);
			fileSystemSynchronizedGroups = (
				B505B9F02E7CC7FC008D2917 /* HalalFoodUITests */,
			);
			name = HalalFoodUITests;
			packageProductDependencies = (
			);
			productName = HalalFoodUITests;
			productReference = B505B9ED2E7CC7FC008D2917 /* HalalFoodUITests.xctest */;
			productType = "com.apple.product-type.bundle.ui-testing";
		};
/* End PBXNativeTarget section */

/* Begin PBXProject section */
		B505B9CE2E7CC7FA008D2917 /* Project object */ = {
			isa = PBXProject;
			attributes = {
				BuildIndependentTargetsInParallel = 1;
				LastSwiftUpdateCheck = 2600;
				LastUpgradeCheck = 2600;
				TargetAttributes = {
					B505B9D52E7CC7FA008D2917 = {
						CreatedOnToolsVersion = 26.0;
					};
					B505B9E22E7CC7FC008D2917 = {
						CreatedOnToolsVersion = 26.0;
						TestTargetID = B505B9D52E7CC7FA008D2917;
					};
					B505B9EC2E7CC7FC008D2917 = {
						CreatedOnToolsVersion = 26.0;
						TestTargetID = B505B9D52E7CC7FA008D2917;
					};
				};
			};
			buildConfigurationList = B505B9D12E7CC7FA008D2917 /* Build configuration list for PBXProject "HalalFood" */;
			developmentRegion = en;
			hasScannedForEncodings = 0;
			knownRegions = (
				en,
				Base,
			);
			mainGroup = B505B9CD2E7CC7FA008D2917;
			minimizedProjectReferenceProxies = 1;
			preferredProjectObjectVersion = 77;
			productRefGroup = B505B9D72E7CC7FA008D2917 /* Products */;
			projectDirPath = "";
			projectRoot = "";
			targets = (
				B505B9D52E7CC7FA008D2917 /* HalalFood */,
				B505B9E22E7CC7FC008D2917 /* HalalFoodTests */,
				B505B9EC2E7CC7FC008D2917 /* HalalFoodUITests */,
			);
		};
/* End PBXProject section */

/* Begin PBXResourcesBuildPhase section */
		B505B9D42E7CC7FA008D2917 /* Resources */ = {
			isa = PBXResourcesBuildPhase;
			buildActionMask = 2147483647;
			files = (
			);
			runOnlyForDeploymentPostprocessing = 0;
		};
		B505B9E12E7CC7FC008D2917 /* Resources */ = {
			isa = PBXResourcesBuildPhase;
			buildActionMask = 2147483647;
			files = (
			);
			runOnlyForDeploymentPostprocessing = 0;
		};
		B505B9EB2E7CC7FC008D2917 /* Resources */ = {
			isa = PBXResourcesBuildPhase;
			buildActionMask = 2147483647;
			files = (
			);
			runOnlyForDeploymentPostprocessing = 0;
		};
/* End PBXResourcesBuildPhase section */

/* Begin PBXSourcesBuildPhase section */
		B505B9D22E7CC7FA008D2917 /* Sources */ = {
			isa = PBXSourcesBuildPhase;
			buildActionMask = 2147483647;
			files = (
			);
			runOnlyForDeploymentPostprocessing = 0;
		};
		B505B9DF2E7CC7FC008D2917 /* Sources */ = {
			isa = PBXSourcesBuildPhase;
			buildActionMask = 2147483647;
			files = (
			);
			runOnlyForDeploymentPostprocessing = 0;
		};
		B505B9E92E7CC7FC008D2917 /* Sources */ = {
			isa = PBXSourcesBuildPhase;
			buildActionMask = 2147483647;
			files = (
			);
			runOnlyForDeploymentPostprocessing = 0;
		};
/* End PBXSourcesBuildPhase section */

/* Begin PBXTargetDependency section */
		B505B9E52E7CC7FC008D2917 /* PBXTargetDependency */ = {
			isa = PBXTargetDependency;
			target = B505B9D52E7CC7FA008D2917 /* HalalFood */;
			targetProxy = B505B9E42E7CC7FC008D2917 /* PBXContainerItemProxy */;
		};
		B505B9EF2E7CC7FC008D2917 /* PBXTargetDependency */ = {
			isa = PBXTargetDependency;
			target = B505B9D52E7CC7FA008D2917 /* HalalFood */;
			targetProxy = B505B9EE2E7CC7FC008D2917 /* PBXContainerItemProxy */;
		};
/* End PBXTargetDependency section */

/* Begin XCBuildConfiguration section */
		B505B9F52E7CC7FC008D2917 /* Debug */ = {
			isa = XCBuildConfiguration;
			buildSettings = {
				ALWAYS_SEARCH_USER_PATHS = NO;
				ASSETCATALOG_COMPILER_GENERATE_SWIFT_ASSET_SYMBOL_EXTENSIONS = YES;
				CLANG_ANALYZER_NONNULL = YES;
				CLANG_ANALYZER_NUMBER_OBJECT_CONVERSION = YES_AGGRESSIVE;
				CLANG_CXX_LANGUAGE_STANDARD = "gnu++20";
				CLANG_ENABLE_MODULES = YES;
				CLANG_ENABLE_OBJC_ARC = YES;
				CLANG_ENABLE_OBJC_WEAK = YES;
				CLANG_WARN_BLOCK_CAPTURE_AUTORELEASING = YES;
				CLANG_WARN_BOOL_CONVERSION = YES;
				CLANG_WARN_COMMA = YES;
				CLANG_WARN_CONSTANT_CONVERSION = YES;
				CLANG_WARN_DEPRECATED_OBJC_IMPLEMENTATIONS = YES;
				CLANG_WARN_DIRECT_OBJC_ISA_USAGE = YES_ERROR;
				CLANG_WARN_DOCUMENTATION_COMMENTS = YES;
				CLANG_WARN_EMPTY_BODY = YES;
				CLANG_WARN_ENUM_CONVERSION = YES;
				CLANG_WARN_INFINITE_RECURSION = YES;
				CLANG_WARN_INT_CONVERSION = YES;
				CLANG_WARN_NON_LITERAL_NULL_CONVERSION = YES;
				CLANG_WARN_OBJC_IMPLICIT_RETAIN_SELF = YES;
				CLANG_WARN_OBJC_LITERAL_CONVERSION = YES;
				CLANG_WARN_OBJC_ROOT_CLASS = YES_ERROR;
				CLANG_WARN_QUOTED_INCLUDE_IN_FRAMEWORK_HEADER = YES;
				CLANG_WARN_RANGE_LOOP_ANALYSIS = YES;
				CLANG_WARN_STRICT_PROTOTYPES = YES;
				CLANG_WARN_SUSPICIOUS_MOVE = YES;
				CLANG_WARN_UNGUARDED_AVAILABILITY = YES_AGGRESSIVE;
				CLANG_WARN_UNREACHABLE_CODE = YES;
				CLANG_WARN__DUPLICATE_METHOD_MATCH = YES;
				COPY_PHASE_STRIP = NO;
				DEBUG_INFORMATION_FORMAT = dwarf;
				DEVELOPMENT_TEAM = 583C6A358V;
				ENABLE_STRICT_OBJC_MSGSEND = YES;
				ENABLE_TESTABILITY = YES;
				ENABLE_USER_SCRIPT_SANDBOXING = YES;
				GCC_C_LANGUAGE_STANDARD = gnu17;
				GCC_DYNAMIC_NO_PIC = NO;
				GCC_NO_COMMON_BLOCKS = YES;
				GCC_OPTIMIZATION_LEVEL = 0;
				GCC_PREPROCESSOR_DEFINITIONS = (
					"DEBUG=1",
					"$(inherited)",
				);
				GCC_WARN_64_TO_32_BIT_CONVERSION = YES;
				GCC_WARN_ABOUT_RETURN_TYPE = YES_ERROR;
				GCC_WARN_UNDECLARED_SELECTOR = YES;
				GCC_WARN_UNINITIALIZED_AUTOS = YES_AGGRESSIVE;
				GCC_WARN_UNUSED_FUNCTION = YES;
				GCC_WARN_UNUSED_VARIABLE = YES;
				IPHONEOS_DEPLOYMENT_TARGET = 26.0;
				LOCALIZATION_PREFERS_STRING_CATALOGS = YES;
				MTL_ENABLE_DEBUG_INFO = INCLUDE_SOURCE;
				MTL_FAST_MATH = YES;
				ONLY_ACTIVE_ARCH = YES;
				SDKROOT = iphoneos;
				SWIFT_ACTIVE_COMPILATION_CONDITIONS = "DEBUG $(inherited)";
				SWIFT_OPTIMIZATION_LEVEL = "-Onone";
			};
			name = Debug;
		};
		B505B9F62E7CC7FC008D2917 /* Release */ = {
			isa = XCBuildConfiguration;
			buildSettings = {
				ALWAYS_SEARCH_USER_PATHS = NO;
				ASSETCATALOG_COMPILER_GENERATE_SWIFT_ASSET_SYMBOL_EXTENSIONS = YES;
				CLANG_ANALYZER_NONNULL = YES;
				CLANG_ANALYZER_NUMBER_OBJECT_CONVERSION = YES_AGGRESSIVE;
				CLANG_CXX_LANGUAGE_STANDARD = "gnu++20";
				CLANG_ENABLE_MODULES = YES;
				CLANG_ENABLE_OBJC_ARC = YES;
				CLANG_ENABLE_OBJC_WEAK = YES;
				CLANG_WARN_BLOCK_CAPTURE_AUTORELEASING = YES;
				CLANG_WARN_BOOL_CONVERSION = YES;
				CLANG_WARN_COMMA = YES;
				CLANG_WARN_CONSTANT_CONVERSION = YES;
				CLANG_WARN_DEPRECATED_OBJC_IMPLEMENTATIONS = YES;
				CLANG_WARN_DIRECT_OBJC_ISA_USAGE = YES_ERROR;
				CLANG_WARN_DOCUMENTATION_COMMENTS = YES;
				CLANG_WARN_EMPTY_BODY = YES;
				CLANG_WARN_ENUM_CONVERSION = YES;
				CLANG_WARN_INFINITE_RECURSION = YES;
				CLANG_WARN_INT_CONVERSION = YES;
				CLANG_WARN_NON_LITERAL_NULL_CONVERSION = YES;
				CLANG_WARN_OBJC_IMPLICIT_RETAIN_SELF = YES;
				CLANG_WARN_OBJC_LITERAL_CONVERSION = YES;
				CLANG_WARN_OBJC_ROOT_CLASS = YES_ERROR;
				CLANG_WARN_QUOTED_INCLUDE_IN_FRAMEWORK_HEADER = YES;
				CLANG_WARN_RANGE_LOOP_ANALYSIS = YES;
				CLANG_WARN_STRICT_PROTOTYPES = YES;
				CLANG_WARN_SUSPICIOUS_MOVE = YES;
				CLANG_WARN_UNGUARDED_AVAILABILITY = YES_AGGRESSIVE;
				CLANG_WARN_UNREACHABLE_CODE = YES;
				CLANG_WARN__DUPLICATE_METHOD_MATCH = YES;
				COPY_PHASE_STRIP = NO;
				DEBUG_INFORMATION_FORMAT = "dwarf-with-dsym";
				DEVELOPMENT_TEAM = 583C6A358V;
				ENABLE_NS_ASSERTIONS = NO;
				ENABLE_STRICT_OBJC_MSGSEND = YES;
				ENABLE_USER_SCRIPT_SANDBOXING = YES;
				GCC_C_LANGUAGE_STANDARD = gnu17;
				GCC_NO_COMMON_BLOCKS = YES;
				GCC_WARN_64_TO_32_BIT_CONVERSION = YES;
				GCC_WARN_ABOUT_RETURN_TYPE = YES_ERROR;
				GCC_WARN_UNDECLARED_SELECTOR = YES;
				GCC_WARN_UNINITIALIZED_AUTOS = YES_AGGRESSIVE;
				GCC_WARN_UNUSED_FUNCTION = YES;
				GCC_WARN_UNUSED_VARIABLE = YES;
				IPHONEOS_DEPLOYMENT_TARGET = 26.0;
				LOCALIZATION_PREFERS_STRING_CATALOGS = YES;
				MTL_ENABLE_DEBUG_INFO = NO;
				MTL_FAST_MATH = YES;
				SDKROOT = iphoneos;
				SWIFT_COMPILATION_MODE = wholemodule;
				VALIDATE_PRODUCT = YES;
			};
			name = Release;
		};
		B505B9F82E7CC7FC008D2917 /* Debug */ = {
			isa = XCBuildConfiguration;
			buildSettings = {
				ASSETCATALOG_COMPILER_APPICON_NAME = AppIcon;
				ASSETCATALOG_COMPILER_GLOBAL_ACCENT_COLOR_NAME = AccentColor;
				CODE_SIGN_STYLE = Automatic;
				CURRENT_PROJECT_VERSION = 1;
				DEVELOPMENT_TEAM = 583C6A358V;
				ENABLE_PREVIEWS = YES;
				GENERATE_INFOPLIST_FILE = YES;
				INFOPLIST_KEY_UIApplicationSceneManifest_Generation = YES;
				INFOPLIST_KEY_UIApplicationSupportsIndirectInputEvents = YES;
				INFOPLIST_KEY_UILaunchScreen_Generation = YES;
				INFOPLIST_KEY_UISupportedInterfaceOrientations_iPad = "UIInterfaceOrientationPortrait UIInterfaceOrientationPortraitUpsideDown UIInterfaceOrientationLandscapeLeft UIInterfaceOrientationLandscapeRight";
				INFOPLIST_KEY_UISupportedInterfaceOrientations_iPhone = "UIInterfaceOrientationPortrait UIInterfaceOrientationLandscapeLeft UIInterfaceOrientationLandscapeRight";
				LD_RUNPATH_SEARCH_PATHS = (
					"$(inherited)",
					"@executable_path/Frameworks",
				);
				MARKETING_VERSION = 1.0;
				PRODUCT_BUNDLE_IDENTIFIER = com.umiapps.HalalFood;
				PRODUCT_NAME = "$(TARGET_NAME)";
				STRING_CATALOG_GENERATE_SYMBOLS = YES;
				SWIFT_APPROACHABLE_CONCURRENCY = YES;
				SWIFT_DEFAULT_ACTOR_ISOLATION = MainActor;
				SWIFT_EMIT_LOC_STRINGS = YES;
				SWIFT_UPCOMING_FEATURE_MEMBER_IMPORT_VISIBILITY = YES;
				SWIFT_VERSION = 5.0;
				TARGETED_DEVICE_FAMILY = "1,2";
			};
			name = Debug;
		};
		B505B9F92E7CC7FC008D2917 /* Release */ = {
			isa = XCBuildConfiguration;
			buildSettings = {
				ASSETCATALOG_COMPILER_APPICON_NAME = AppIcon;
				ASSETCATALOG_COMPILER_GLOBAL_ACCENT_COLOR_NAME = AccentColor;
				CODE_SIGN_STYLE = Automatic;
				CURRENT_PROJECT_VERSION = 1;
				DEVELOPMENT_TEAM = 583C6A358V;
				ENABLE_PREVIEWS = YES;
				GENERATE_INFOPLIST_FILE = YES;
				INFOPLIST_KEY_UIApplicationSceneManifest_Generation = YES;
				INFOPLIST_KEY_UIApplicationSupportsIndirectInputEvents = YES;
				INFOPLIST_KEY_UILaunchScreen_Generation = YES;
				INFOPLIST_KEY_UISupportedInterfaceOrientations_iPad = "UIInterfaceOrientationPortrait UIInterfaceOrientationPortraitUpsideDown UIInterfaceOrientationLandscapeLeft UIInterfaceOrientationLandscapeRight";
				INFOPLIST_KEY_UISupportedInterfaceOrientations_iPhone = "UIInterfaceOrientationPortrait UIInterfaceOrientationLandscapeLeft UIInterfaceOrientationLandscapeRight";
				LD_RUNPATH_SEARCH_PATHS = (
					"$(inherited)",
					"@executable_path/Frameworks",
				);
				MARKETING_VERSION = 1.0;
				PRODUCT_BUNDLE_IDENTIFIER = com.umiapps.HalalFood;
				PRODUCT_NAME = "$(TARGET_NAME)";
				STRING_CATALOG_GENERATE_SYMBOLS = YES;
				SWIFT_APPROACHABLE_CONCURRENCY = YES;
				SWIFT_DEFAULT_ACTOR_ISOLATION = MainActor;
				SWIFT_EMIT_LOC_STRINGS = YES;
				SWIFT_UPCOMING_FEATURE_MEMBER_IMPORT_VISIBILITY = YES;
				SWIFT_VERSION = 5.0;
				TARGETED_DEVICE_FAMILY = "1,2";
			};
			name = Release;
		};
		B505B9FB2E7CC7FC008D2917 /* Debug */ = {
			isa = XCBuildConfiguration;
			buildSettings = {
				BUNDLE_LOADER = "$(TEST_HOST)";
				CODE_SIGN_STYLE = Automatic;
				CURRENT_PROJECT_VERSION = 1;
				DEVELOPMENT_TEAM = 583C6A358V;
				GENERATE_INFOPLIST_FILE = YES;
				IPHONEOS_DEPLOYMENT_TARGET = 26.0;
				MARKETING_VERSION = 1.0;
				PRODUCT_BUNDLE_IDENTIFIER = com.umiapps.HalalFoodTests;
				PRODUCT_NAME = "$(TARGET_NAME)";
				STRING_CATALOG_GENERATE_SYMBOLS = NO;
				SWIFT_APPROACHABLE_CONCURRENCY = YES;
				SWIFT_EMIT_LOC_STRINGS = NO;
				SWIFT_UPCOMING_FEATURE_MEMBER_IMPORT_VISIBILITY = YES;
				SWIFT_VERSION = 5.0;
				TARGETED_DEVICE_FAMILY = "1,2";
				TEST_HOST = "$(BUILT_PRODUCTS_DIR)/HalalFood.app/$(BUNDLE_EXECUTABLE_FOLDER_PATH)/HalalFood";
			};
			name = Debug;
		};
		B505B9FC2E7CC7FC008D2917 /* Release */ = {
			isa = XCBuildConfiguration;
			buildSettings = {
				BUNDLE_LOADER = "$(TEST_HOST)";
				CODE_SIGN_STYLE = Automatic;
				CURRENT_PROJECT_VERSION = 1;
				DEVELOPMENT_TEAM = 583C6A358V;
				GENERATE_INFOPLIST_FILE = YES;
				IPHONEOS_DEPLOYMENT_TARGET = 26.0;
				MARKETING_VERSION = 1.0;
				PRODUCT_BUNDLE_IDENTIFIER = com.umiapps.HalalFoodTests;
				PRODUCT_NAME = "$(TARGET_NAME)";
				STRING_CATALOG_GENERATE_SYMBOLS = NO;
				SWIFT_APPROACHABLE_CONCURRENCY = YES;
				SWIFT_EMIT_LOC_STRINGS = NO;
				SWIFT_UPCOMING_FEATURE_MEMBER_IMPORT_VISIBILITY = YES;
				SWIFT_VERSION = 5.0;
				TARGETED_DEVICE_FAMILY = "1,2";
				TEST_HOST = "$(BUILT_PRODUCTS_DIR)/HalalFood.app/$(BUNDLE_EXECUTABLE_FOLDER_PATH)/HalalFood";
			};
			name = Release;
		};
		B505B9FE2E7CC7FC008D2917 /* Debug */ = {
			isa = XCBuildConfiguration;
			buildSettings = {
				CODE_SIGN_STYLE = Automatic;
				CURRENT_PROJECT_VERSION = 1;
				DEVELOPMENT_TEAM = 583C6A358V;
				GENERATE_INFOPLIST_FILE = YES;
				MARKETING_VERSION = 1.0;
				PRODUCT_BUNDLE_IDENTIFIER = com.umiapps.HalalFoodUITests;
				PRODUCT_NAME = "$(TARGET_NAME)";
				STRING_CATALOG_GENERATE_SYMBOLS = NO;
				SWIFT_APPROACHABLE_CONCURRENCY = YES;
				SWIFT_EMIT_LOC_STRINGS = NO;
				SWIFT_UPCOMING_FEATURE_MEMBER_IMPORT_VISIBILITY = YES;
				SWIFT_VERSION = 5.0;
				TARGETED_DEVICE_FAMILY = "1,2";
				TEST_TARGET_NAME = HalalFood;
			};
			name = Debug;
		};
		B505B9FF2E7CC7FC008D2917 /* Release */ = {
			isa = XCBuildConfiguration;
			buildSettings = {
				CODE_SIGN_STYLE = Automatic;
				CURRENT_PROJECT_VERSION = 1;
				DEVELOPMENT_TEAM = 583C6A358V;
				GENERATE_INFOPLIST_FILE = YES;
				MARKETING_VERSION = 1.0;
				PRODUCT_BUNDLE_IDENTIFIER = com.umiapps.HalalFoodUITests;
				PRODUCT_NAME = "$(TARGET_NAME)";
				STRING_CATALOG_GENERATE_SYMBOLS = NO;
				SWIFT_APPROACHABLE_CONCURRENCY = YES;
				SWIFT_EMIT_LOC_STRINGS = NO;
				SWIFT_UPCOMING_FEATURE_MEMBER_IMPORT_VISIBILITY = YES;
				SWIFT_VERSION = 5.0;
				TARGETED_DEVICE_FAMILY = "1,2";
				TEST_TARGET_NAME = HalalFood;
			};
			name = Release;
		};
/* End XCBuildConfiguration section */

/* Begin XCConfigurationList section */
		B505B9D12E7CC7FA008D2917 /* Build configuration list for PBXProject "HalalFood" */ = {
			isa = XCConfigurationList;
			buildConfigurations = (
				B505B9F52E7CC7FC008D2917 /* Debug */,
				B505B9F62E7CC7FC008D2917 /* Release */,
			);
			defaultConfigurationIsVisible = 0;
			defaultConfigurationName = Release;
		};
		B505B9F72E7CC7FC008D2917 /* Build configuration list for PBXNativeTarget "HalalFood" */ = {
			isa = XCConfigurationList;
			buildConfigurations = (
				B505B9F82E7CC7FC008D2917 /* Debug */,
				B505B9F92E7CC7FC008D2917 /* Release */,
			);
			defaultConfigurationIsVisible = 0;
			defaultConfigurationName = Release;
		};
		B505B9FA2E7CC7FC008D2917 /* Build configuration list for PBXNativeTarget "HalalFoodTests" */ = {
			isa = XCConfigurationList;
			buildConfigurations = (
				B505B9FB2E7CC7FC008D2917 /* Debug */,
				B505B9FC2E7CC7FC008D2917 /* Release */,
			);
			defaultConfigurationIsVisible = 0;
			defaultConfigurationName = Release;
		};
		B505B9FD2E7CC7FC008D2917 /* Build configuration list for PBXNativeTarget "HalalFoodUITests" */ = {
			isa = XCConfigurationList;
			buildConfigurations = (
				B505B9FE2E7CC7FC008D2917 /* Debug */,
				B505B9FF2E7CC7FC008D2917 /* Release */,
			);
			defaultConfigurationIsVisible = 0;
			defaultConfigurationName = Release;
		};
/* End XCConfigurationList section */
	};
	rootObject = B505B9CE2E7CC7FA008D2917 /* Project object */;
}
