// !$*UTF8*$!
{
	archiveVersion = 1;
	classes = {
	};
	objectVersion = 77;
	objects = {

/* Begin PBXBuildFile section */
		762002FF4B461690F93A6E1C /* ManualPlaceResolver.swift in Sources */ = {isa = PBXBuildFile; fileRef = D67A1CEB830861DC6F4F88D6 /* ManualPlaceResolver.swift */; };
		7ED499816768FCDCC1EB81D0 /* ApplePlaceDetailService.swift in Sources */ = {isa = PBXBuildFile; fileRef = 7C280CB3F874A2F80DB8F1A9 /* ApplePlaceDetailService.swift */; };
		C1F0B2C22F123456008D2917 /* PlaceDiskCache.swift in Sources */ = {isa = PBXBuildFile; fileRef = C1F0B2C12F123456008D2917 /* PlaceDiskCache.swift */; };
		A1B2C3D4E5F60718293A4B5D /* PlacePin.swift in Sources */ = {isa = PBXBuildFile; fileRef = A1B2C3D4E5F60718293A4B5C /* PlacePin.swift */; };
		B1C2D3E4F5061728394A5B6D /* PlacePinsDiskCache.swift in Sources */ = {isa = PBXBuildFile; fileRef = B1C2D3E4F5061728394A5B6C /* PlacePinsDiskCache.swift */; };
		C1D2E3F405162738495A6B7D /* PlacePinsStore.swift in Sources */ = {isa = PBXBuildFile; fileRef = C1D2E3F405162738495A6B7C /* PlacePinsStore.swift */; };
		C1F0B2C62F123457008D2917 /* places_seed.json in Resources */ = {isa = PBXBuildFile; fileRef = C1F0B2C42F123456008D2917 /* places_seed.json */; };
		C1F0B2D12F123458008D2917 /* LaunchScreen.storyboard in Resources */ = {isa = PBXBuildFile; fileRef = C1F0B2D02F123458008D2917 /* LaunchScreen.storyboard */; };
		B5A1B2C62F999999008D2917 /* FinalAppLogo_Real.png in Resources */ = {isa = PBXBuildFile; fileRef = B5A1B2C52F999999008D2917 /* FinalAppLogo_Real.png */; };
		A88C4F57CC85C79FA1AE103B /* MKMapItem+Compat.swift in Sources */ = {isa = PBXBuildFile; fileRef = 9988BFEC1625586AFE2688F9 /* MKMapItem+Compat.swift */; };
		B505B9DA2E7CC7FA008D2917 /* HalalFoodApp.swift in Sources */ = {isa = PBXBuildFile; fileRef = B505B9D92E7CC7FA008D2917 /* HalalFoodApp.swift */; };
		B505B9DC2E7CC7FA008D2917 /* ContentView.swift in Sources */ = {isa = PBXBuildFile; fileRef = B505B9DB2E7CC7FA008D2917 /* ContentView.swift */; };
		B505B9DE2E7CC7FC008D2917 /* Assets.xcassets in Resources */ = {isa = PBXBuildFile; fileRef = B505B9DD2E7CC7FC008D2917 /* Assets.xcassets */; };
		B505BA1C2E7CE233008D2917 /* PlaceAPI.swift in Sources */ = {isa = PBXBuildFile; fileRef = B505BA182E7CE233008D2917 /* PlaceAPI.swift */; };
		B505BA1D2E7CE233008D2917 /* PlaceDTO.swift in Sources */ = {isa = PBXBuildFile; fileRef = B505BA162E7CE233008D2917 /* PlaceDTO.swift */; };
		B505BA1E2E7CE233008D2917 /* SupabaseManager.swift in Sources */ = {isa = PBXBuildFile; fileRef = B505BA192E7CE233008D2917 /* SupabaseManager.swift */; };
		B505BA1F2E7CE233008D2917 /* Place.swift in Sources */ = {isa = PBXBuildFile; fileRef = B505BA152E7CE233008D2917 /* Place.swift */; };
		B505BA202E7CE233008D2917 /* MKCoordinateRegion+BBox.swift in Sources */ = {isa = PBXBuildFile; fileRef = B505BA132E7CE233008D2917 /* MKCoordinateRegion+BBox.swift */; };
		B505BA222E7CE283008D2917 /* HalalMapView.swift in Sources */ = {isa = PBXBuildFile; fileRef = B505BA212E7CE283008D2917 /* HalalMapView.swift */; };
		B505BA262E7CF000008D2917 /* Supabase in Frameworks */ = {isa = PBXBuildFile; productRef = B505BA272E7CF000008D2917 /* Supabase */; };
		B505BA2B2E7CF100008D2917 /* LocationProvider.swift in Sources */ = {isa = PBXBuildFile; fileRef = B505BA2A2E7CF100008D2917 /* LocationProvider.swift */; };
		B52064912E8B71CD00C5BEB6 /* ApplePlaceUpsertPayload.swift in Sources */ = {isa = PBXBuildFile; fileRef = B52064902E8B71CD00C5BEB6 /* ApplePlaceUpsertPayload.swift */; };
		B5D4E2022EA50ABC008D2917 /* PerformanceInstrumentation.swift in Sources */ = {isa = PBXBuildFile; fileRef = B5D4E2012EA50ABC008D2917 /* PerformanceInstrumentation.swift */; };
		F5C5945FAD6E3D3E8260D92C /* MapItemDetailCardView.swift in Sources */ = {isa = PBXBuildFile; fileRef = 62ACFC6C7616754D8D5D0C37 /* MapItemDetailCardView.swift */; };
		E1A2B3C52E8C000100000002 /* PlacePhoto.swift in Sources */ = {isa = PBXBuildFile; fileRef = E1A2B3C42E8C000100000001 /* PlacePhoto.swift */; };
		F0F0AAA11B1C2D3E4F5A6B7C /* GeoScope.swift in Sources */ = {isa = PBXBuildFile; fileRef = F0F0AAA01B1C2D3E4F5A6B7C /* GeoScope.swift */; };
		B5A1B2C52E8D1234008D2917 /* FavoritesStore.swift in Sources */ = {isa = PBXBuildFile; fileRef = B5A1B2C42E8D1234008D2917 /* FavoritesStore.swift */; };
        C2D0F1A52F9AB12300AAA111 /* YelpRatingRow.swift in Sources */ = {isa = PBXBuildFile; fileRef = C2D0F1A42F9AB12300AAA111 /* YelpRatingRow.swift */; };
        D1E2F3B52F9AB12300AAA223 /* Haptics.swift in Sources */ = {isa = PBXBuildFile; fileRef = D1E2F3A42F9AB12300AAA222 /* Haptics.swift */; };
        B58C4C1B2F2A7B4A00D4F1A2 /* CommunityTopRatedRecord.swift in Sources */ = {isa = PBXBuildFile; fileRef = B58C4C1A2F2A7B4A00D4F1A2 /* CommunityTopRatedRecord.swift */; };
/* End PBXBuildFile section */

/* Begin PBXContainerItemProxy section */
		B505B9E42E7CC7FC008D2917 /* PBXContainerItemProxy */ = {
			isa = PBXContainerItemProxy;
			containerPortal = B505B9CE2E7CC7FA008D2917 /* Project object */;
			proxyType = 1;
			remoteGlobalIDString = B505B9D52E7CC7FA008D2917;
			remoteInfo = HalalFood;
		};
		B505B9EE2E7CC7FC008D2917 /* PBXContainerItemProxy */ = {
			isa = PBXContainerItemProxy;
			containerPortal = B505B9CE2E7CC7FA008D2917 /* Project object */;
			proxyType = 1;
			remoteGlobalIDString = B505B9D52E7CC7FA008D2917;
			remoteInfo = HalalFood;
		};
/* End PBXContainerItemProxy section */

/* Begin PBXFileReference section */
		62ACFC6C7616754D8D5D0C37 /* MapItemDetailCardView.swift */ = {isa = PBXFileReference; lastKnownFileType = sourcecode.swift; path = MapItemDetailCardView.swift; sourceTree = "<group>"; };
		7C280CB3F874A2F80DB8F1A9 /* ApplePlaceDetailService.swift */ = {isa = PBXFileReference; lastKnownFileType = sourcecode.swift; path = ApplePlaceDetailService.swift; sourceTree = "<group>"; };
		C1F0B2C12F123456008D2917 /* PlaceDiskCache.swift */ = {isa = PBXFileReference; lastKnownFileType = sourcecode.swift; path = PlaceDiskCache.swift; sourceTree = "<group>"; };
		A1B2C3D4E5F60718293A4B5C /* PlacePin.swift */ = {isa = PBXFileReference; lastKnownFileType = sourcecode.swift; path = PlacePin.swift; sourceTree = "<group>"; };
		B1C2D3E4F5061728394A5B6C /* PlacePinsDiskCache.swift */ = {isa = PBXFileReference; lastKnownFileType = sourcecode.swift; path = PlacePinsDiskCache.swift; sourceTree = "<group>"; };
		C1D2E3F405162738495A6B7C /* PlacePinsStore.swift */ = {isa = PBXFileReference; lastKnownFileType = sourcecode.swift; path = PlacePinsStore.swift; sourceTree = "<group>"; };
		C1F0B2C42F123456008D2917 /* places_seed.json */ = {isa = PBXFileReference; lastKnownFileType = text.json; path = places_seed.json; sourceTree = "<group>"; };
		C1F0B2D02F123458008D2917 /* LaunchScreen.storyboard */ = {isa = PBXFileReference; lastKnownFileType = file.storyboard; name = LaunchScreen.storyboard; path = HalalFood/LaunchScreen.storyboard; sourceTree = "<group>"; };
		B5A1B2C52F999999008D2917 /* FinalAppLogo_Real.png */ = {isa = PBXFileReference; lastKnownFileType = image.png; path = HalalFood/FinalAppLogo_Real.png; sourceTree = "<group>"; };
		9988BFEC1625586AFE2688F9 /* MKMapItem+Compat.swift */ = {isa = PBXFileReference; lastKnownFileType = sourcecode.swift; path = "MKMapItem+Compat.swift"; sourceTree = "<group>"; };
		C2D0F1A42F9AB12300AAA111 /* YelpRatingRow.swift */ = {isa = PBXFileReference; lastKnownFileType = sourcecode.swift; path = YelpRatingRow.swift; sourceTree = "<group>"; };
		B505B9D62E7CC7FA008D2917 /* HalalFood.app */ = {isa = PBXFileReference; explicitFileType = wrapper.application; includeInIndex = 0; path = HalalFood.app; sourceTree = BUILT_PRODUCTS_DIR; };
		B505B9D92E7CC7FA008D2917 /* HalalFoodApp.swift */ = {isa = PBXFileReference; lastKnownFileType = sourcecode.swift; path = HalalFoodApp.swift; sourceTree = "<group>"; };
		B505B9DB2E7CC7FA008D2917 /* ContentView.swift */ = {isa = PBXFileReference; lastKnownFileType = sourcecode.swift; path = ContentView.swift; sourceTree = "<group>"; };
		B505B9DD2E7CC7FC008D2917 /* Assets.xcassets */ = {isa = PBXFileReference; lastKnownFileType = folder.assetcatalog; path = Assets.xcassets; sourceTree = "<group>"; };
		B505B9E32E7CC7FC008D2917 /* HalalFoodTests.xctest */ = {isa = PBXFileReference; explicitFileType = wrapper.cfbundle; includeInIndex = 0; path = HalalFoodTests.xctest; sourceTree = BUILT_PRODUCTS_DIR; };
		B505B9ED2E7CC7FC008D2917 /* HalalFoodUITests.xctest */ = {isa = PBXFileReference; explicitFileType = wrapper.cfbundle; includeInIndex = 0; path = HalalFoodUITests.xctest; sourceTree = BUILT_PRODUCTS_DIR; };
		F0F0AAA01B1C2D3E4F5A6B7C /* GeoScope.swift */ = {isa = PBXFileReference; lastKnownFileType = sourcecode.swift; path = GeoScope.swift; sourceTree = "<group>"; };
		B5A1B2C42E8D1234008D2917 /* FavoritesStore.swift */ = {isa = PBXFileReference; lastKnownFileType = sourcecode.swift; path = FavoritesStore.swift; sourceTree = "<group>"; };
		B505BA132E7CE233008D2917 /* MKCoordinateRegion+BBox.swift */ = {isa = PBXFileReference; lastKnownFileType = sourcecode.swift; path = "MKCoordinateRegion+BBox.swift"; sourceTree = "<group>"; };
		B505BA152E7CE233008D2917 /* Place.swift */ = {isa = PBXFileReference; lastKnownFileType = sourcecode.swift; path = Place.swift; sourceTree = "<group>"; };
		B505BA162E7CE233008D2917 /* PlaceDTO.swift */ = {isa = PBXFileReference; lastKnownFileType = sourcecode.swift; path = PlaceDTO.swift; sourceTree = "<group>"; };
		B505BA182E7CE233008D2917 /* PlaceAPI.swift */ = {isa = PBXFileReference; lastKnownFileType = sourcecode.swift; path = PlaceAPI.swift; sourceTree = "<group>"; };
		B505BA192E7CE233008D2917 /* SupabaseManager.swift */ = {isa = PBXFileReference; lastKnownFileType = sourcecode.swift; path = SupabaseManager.swift; sourceTree = "<group>"; };
		B505BA212E7CE283008D2917 /* HalalMapView.swift */ = {isa = PBXFileReference; lastKnownFileType = sourcecode.swift; path = HalalMapView.swift; sourceTree = "<group>"; };
		B505BA252E7CE741008D2917 /* Info.plist */ = {isa = PBXFileReference; lastKnownFileType = text.plist; name = Info.plist; path = HalalFood/Info.plist; sourceTree = "<group>"; };
		B505BA2A2E7CF100008D2917 /* LocationProvider.swift */ = {isa = PBXFileReference; lastKnownFileType = sourcecode.swift; path = LocationProvider.swift; sourceTree = "<group>"; };
		B52064902E8B71CD00C5BEB6 /* ApplePlaceUpsertPayload.swift */ = {isa = PBXFileReference; lastKnownFileType = sourcecode.swift; path = ApplePlaceUpsertPayload.swift; sourceTree = "<group>"; };
		D67A1CEB830861DC6F4F88D6 /* ManualPlaceResolver.swift */ = {isa = PBXFileReference; lastKnownFileType = sourcecode.swift; path = ManualPlaceResolver.swift; sourceTree = "<group>"; };
        E1A2B3C42E8C000100000001 /* PlacePhoto.swift */ = {isa = PBXFileReference; lastKnownFileType = sourcecode.swift; path = PlacePhoto.swift; sourceTree = "<group>"; };
        D1E2F3A42F9AB12300AAA222 /* Haptics.swift */ = {isa = PBXFileReference; lastKnownFileType = sourcecode.swift; path = Haptics.swift; sourceTree = "<group>"; };
		B5D4E2012EA50ABC008D2917 /* PerformanceInstrumentation.swift */ = {isa = PBXFileReference; lastKnownFileType = sourcecode.swift; path = PerformanceInstrumentation.swift; sourceTree = "<group>"; };
        B58C4C1A2F2A7B4A00D4F1A2 /* CommunityTopRatedRecord.swift */ = {isa = PBXFileReference; lastKnownFileType = sourcecode.swift; path = CommunityTopRatedRecord.swift; sourceTree = "<group>"; };
/* End PBXFileReference section */

/* Begin PBXFileSystemSynchronizedRootGroup section */
		B505B9E62E7CC7FC008D2917 /* HalalFoodTests */ = {
			isa = PBXFileSystemSynchronizedRootGroup;
			path = HalalFoodTests;
			sourceTree = "<group>";
		};
		B505B9F02E7CC7FC008D2917 /* HalalFoodUITests */ = {
			isa = PBXFileSystemSynchronizedRootGroup;
			path = HalalFoodUITests;
			sourceTree = "<group>";
		};
/* End PBXFileSystemSynchronizedRootGroup section */

/* Begin PBXFrameworksBuildPhase section */
		B505B9D32E7CC7FA008D2917 /* Frameworks */ = {
			isa = PBXFrameworksBuildPhase;
			buildActionMask = 2147483647;
			files = (
				B505BA262E7CF000008D2917 /* Supabase in Frameworks */,
			);
			runOnlyForDeploymentPostprocessing = 0;
		};
		B505B9E02E7CC7FC008D2917 /* Frameworks */ = {
			isa = PBXFrameworksBuildPhase;
			buildActionMask = 2147483647;
			files = (
			);
			runOnlyForDeploymentPostprocessing = 0;
		};
		B505B9EA2E7CC7FC008D2917 /* Frameworks */ = {
			isa = PBXFrameworksBuildPhase;
			buildActionMask = 2147483647;
			files = (
			);
			runOnlyForDeploymentPostprocessing = 0;
		};
/* End PBXFrameworksBuildPhase section */

/* Begin PBXGroup section */
		63D0CF215B7650CC4BA52C5F /* UI */ = {
			isa = PBXGroup;
			children = (
                D1E2F3A42F9AB12300AAA222 /* Haptics.swift */,
				C2D0F1A42F9AB12300AAA111 /* YelpRatingRow.swift */,
				62ACFC6C7616754D8D5D0C37 /* MapItemDetailCardView.swift */,
			);
			path = UI;
			sourceTree = "<group>";
		};
		6A34C28283D9ED5A558210E7 /* Services */ = {
			isa = PBXGroup;
			children = (
				7C280CB3F874A2F80DB8F1A9 /* ApplePlaceDetailService.swift */,
				D67A1CEB830861DC6F4F88D6 /* ManualPlaceResolver.swift */,
				C1F0B2C12F123456008D2917 /* PlaceDiskCache.swift */,
				B1C2D3E4F5061728394A5B6C /* PlacePinsDiskCache.swift */,
				C1D2E3F405162738495A6B7C /* PlacePinsStore.swift */,
			);
			path = Services;
			sourceTree = "<group>";
		};
		B505B9CD2E7CC7FA008D2917 = {
			isa = PBXGroup;
			children = (
				C1F0B2C52F123457008D2917 /* data */,
				B505BA252E7CE741008D2917 /* Info.plist */,
				C1F0B2D02F123458008D2917 /* LaunchScreen.storyboard */,
				B5A1B2C52F999999008D2917 /* FinalAppLogo_Real.png */,
				B505BA1B2E7CE233008D2917 /* Core */,
				B505B9E62E7CC7FC008D2917 /* HalalFoodTests */,
				B505B9F02E7CC7FC008D2917 /* HalalFoodUITests */,
				B505B9D72E7CC7FA008D2917 /* Products */,
				B505BA212E7CE283008D2917 /* HalalMapView.swift */,
				B505B9DD2E7CC7FC008D2917 /* Assets.xcassets */,
				B505B9DB2E7CC7FA008D2917 /* ContentView.swift */,
				B5A1B2C42E8D1234008D2917 /* FavoritesStore.swift */,
				B505B9D92E7CC7FA008D2917 /* HalalFoodApp.swift */,
			);
			sourceTree = "<group>";
		};
		B505B9D72E7CC7FA008D2917 /* Products */ = {
			isa = PBXGroup;
			children = (
				B505B9D62E7CC7FA008D2917 /* HalalFood.app */,
				B505B9E32E7CC7FC008D2917 /* HalalFoodTests.xctest */,
				B505B9ED2E7CC7FC008D2917 /* HalalFoodUITests.xctest */,
			);
			name = Products;
			sourceTree = "<group>";
		};
		B505BA142E7CE233008D2917 /* Extensions */ = {
			isa = PBXGroup;
			children = (
				B505BA132E7CE233008D2917 /* MKCoordinateRegion+BBox.swift */,
				9988BFEC1625586AFE2688F9 /* MKMapItem+Compat.swift */,
			);
			path = Extensions;
			sourceTree = "<group>";
		};
		B505BA172E7CE233008D2917 /* Models */ = {
			isa = PBXGroup;
			children = (
				F0F0AAA01B1C2D3E4F5A6B7C /* GeoScope.swift */,
				B52064902E8B71CD00C5BEB6 /* ApplePlaceUpsertPayload.swift */,
				B505BA152E7CE233008D2917 /* Place.swift */,
				B505BA162E7CE233008D2917 /* PlaceDTO.swift */,
				A1B2C3D4E5F60718293A4B5C /* PlacePin.swift */,
                B58C4C1A2F2A7B4A00D4F1A2 /* CommunityTopRatedRecord.swift */,
				E1A2B3C42E8C000100000001 /* PlacePhoto.swift */,
			);
			path = Models;
			sourceTree = "<group>";
		};
		B505BA1A2E7CE233008D2917 /* Networking */ = {
			isa = PBXGroup;
			children = (
				B505BA182E7CE233008D2917 /* PlaceAPI.swift */,
				B505BA192E7CE233008D2917 /* SupabaseManager.swift */,
			);
			path = Networking;
			sourceTree = "<group>";
		};
		B505BA1B2E7CE233008D2917 /* Core */ = {
			isa = PBXGroup;
			children = (
				B505BA142E7CE233008D2917 /* Extensions */,
				B505BA172E7CE233008D2917 /* Models */,
				B505BA1A2E7CE233008D2917 /* Networking */,
				B5D4E2002EA50ABC008D2917 /* Instrumentation */,
				B505BA2C2E7CF100008D2917 /* Location */,
				6A34C28283D9ED5A558210E7 /* Services */,
				63D0CF215B7650CC4BA52C5F /* UI */,
			);
			path = Core;
			sourceTree = "<group>";
		};
		B505BA2C2E7CF100008D2917 /* Location */ = {
			isa = PBXGroup;
			children = (
				B505BA2A2E7CF100008D2917 /* LocationProvider.swift */,
			);
			path = Location;
			sourceTree = "<group>";
		};
		B5D4E2002EA50ABC008D2917 /* Instrumentation */ = {
			isa = PBXGroup;
			children = (
				B5D4E2012EA50ABC008D2917 /* PerformanceInstrumentation.swift */,
			);
			path = Instrumentation;
			sourceTree = "<group>";
		};
		C1F0B2C52F123457008D2917 /* data */ = {
			isa = PBXGroup;
			children = (
				C1F0B2C42F123456008D2917 /* places_seed.json */,
			);
			path = data;
			sourceTree = "<group>";
		};
/* End PBXGroup section */

/* Begin PBXNativeTarget section */
		B505B9D52E7CC7FA008D2917 /* HalalFood */ = {
			isa = PBXNativeTarget;
			buildConfigurationList = B505B9F72E7CC7FC008D2917 /* Build configuration list for PBXNativeTarget "HalalFood" */;
			buildPhases = (
				B505B9D22E7CC7FA008D2917 /* Sources */,
				B505B9D32E7CC7FA008D2917 /* Frameworks */,
				B505B9D42E7CC7FA008D2917 /* Resources */,
			);
			buildRules = (
			);
			dependencies = (
			);
			name = HalalFood;
			packageProductDependencies = (
				B505BA272E7CF000008D2917 /* Supabase */,
			);
			productName = HalalFood;
			productReference = B505B9D62E7CC7FA008D2917 /* HalalFood.app */;
			productType = "com.apple.product-type.application";
		};
		B505B9E22E7CC7FC008D2917 /* HalalFoodTests */ = {
			isa = PBXNativeTarget;
			buildConfigurationList = B505B9FA2E7CC7FC008D2917 /* Build configuration list for PBXNativeTarget "HalalFoodTests" */;
			buildPhases = (
				B505B9DF2E7CC7FC008D2917 /* Sources */,
				B505B9E02E7CC7FC008D2917 /* Frameworks */,
				B505B9E12E7CC7FC008D2917 /* Resources */,
			);
			buildRules = (
			);
			dependencies = (
				B505B9E52E7CC7FC008D2917 /* PBXTargetDependency */,
			);
			fileSystemSynchronizedGroups = (
				B505B9E62E7CC7FC008D2917 /* HalalFoodTests */,
			);
			name = HalalFoodTests;
			packageProductDependencies = (
			);
			productName = HalalFoodTests;
			productReference = B505B9E32E7CC7FC008D2917 /* HalalFoodTests.xctest */;
			productType = "com.apple.product-type.bundle.unit-test";
		};
		B505B9EC2E7CC7FC008D2917 /* HalalFoodUITests */ = {
			isa = PBXNativeTarget;
			buildConfigurationList = B505B9FD2E7CC7FC008D2917 /* Build configuration list for PBXNativeTarget "HalalFoodUITests" */;
			buildPhases = (
				B505B9E92E7CC7FC008D2917 /* Sources */,
				B505B9EA2E7CC7FC008D2917 /* Frameworks */,
				B505B9EB2E7CC7FC008D2917 /* Resources */,
			);
			buildRules = (
			);
			dependencies = (
				B505B9EF2E7CC7FC008D2917 /* PBXTargetDependency */,
			);
			fileSystemSynchronizedGroups = (
				B505B9F02E7CC7FC008D2917 /* HalalFoodUITests */,
			);
			name = HalalFoodUITests;
			packageProductDependencies = (
			);
			productName = HalalFoodUITests;
			productReference = B505B9ED2E7CC7FC008D2917 /* HalalFoodUITests.xctest */;
			productType = "com.apple.product-type.bundle.ui-testing";
		};
/* End PBXNativeTarget section */

/* Begin PBXProject section */
		B505B9CE2E7CC7FA008D2917 /* Project object */ = {
			isa = PBXProject;
			attributes = {
				BuildIndependentTargetsInParallel = 1;
				LastSwiftUpdateCheck = 2600;
				LastUpgradeCheck = 2600;
				TargetAttributes = {
					B505B9D52E7CC7FA008D2917 = {
						CreatedOnToolsVersion = 26.0;
					};
					B505B9E22E7CC7FC008D2917 = {
						CreatedOnToolsVersion = 26.0;
						TestTargetID = B505B9D52E7CC7FA008D2917;
					};
					B505B9EC2E7CC7FC008D2917 = {
						CreatedOnToolsVersion = 26.0;
						TestTargetID = B505B9D52E7CC7FA008D2917;
					};
				};
			};
			buildConfigurationList = B505B9D12E7CC7FA008D2917 /* Build configuration list for PBXProject "HalalFood" */;
			developmentRegion = en;
			hasScannedForEncodings = 0;
			knownRegions = (
				en,
				Base,
			);
			mainGroup = B505B9CD2E7CC7FA008D2917;
			minimizedProjectReferenceProxies = 1;
			packageReferences = (
				B505BA122E7CE19C008D2917 /* XCRemoteSwiftPackageReference "supabase-swift" */,
			);
			preferredProjectObjectVersion = 77;
			productRefGroup = B505B9D72E7CC7FA008D2917 /* Products */;
			projectDirPath = "";
			projectRoot = "";
			targets = (
				B505B9D52E7CC7FA008D2917 /* HalalFood */,
				B505B9E22E7CC7FC008D2917 /* HalalFoodTests */,
				B505B9EC2E7CC7FC008D2917 /* HalalFoodUITests */,
			);
		};
/* End PBXProject section */

/* Begin PBXResourcesBuildPhase section */
		B505B9D42E7CC7FA008D2917 /* Resources */ = {
			isa = PBXResourcesBuildPhase;
			buildActionMask = 2147483647;
			files = (
				C1F0B2D12F123458008D2917 /* LaunchScreen.storyboard in Resources */,
				B5A1B2C62F999999008D2917 /* FinalAppLogo_Real.png in Resources */,
				C1F0B2C62F123457008D2917 /* places_seed.json in Resources */,
				B505B9DE2E7CC7FC008D2917 /* Assets.xcassets in Resources */,
			);
			runOnlyForDeploymentPostprocessing = 0;
		};
		B505B9E12E7CC7FC008D2917 /* Resources */ = {
			isa = PBXResourcesBuildPhase;
			buildActionMask = 2147483647;
			files = (
			);
			runOnlyForDeploymentPostprocessing = 0;
		};
		B505B9EB2E7CC7FC008D2917 /* Resources */ = {
			isa = PBXResourcesBuildPhase;
			buildActionMask = 2147483647;
			files = (
			);
			runOnlyForDeploymentPostprocessing = 0;
		};
/* End PBXResourcesBuildPhase section */

/* Begin PBXSourcesBuildPhase section */
		B505B9D22E7CC7FA008D2917 /* Sources */ = {
			isa = PBXSourcesBuildPhase;
			buildActionMask = 2147483647;
			files = (
				762002FF4B461690F93A6E1C /* ManualPlaceResolver.swift in Sources */,
				B505B9DC2E7CC7FA008D2917 /* ContentView.swift in Sources */,
				B52064912E8B71CD00C5BEB6 /* ApplePlaceUpsertPayload.swift in Sources */,
				B505B9DA2E7CC7FA008D2917 /* HalalFoodApp.swift in Sources */,
				B5D4E2022EA50ABC008D2917 /* PerformanceInstrumentation.swift in Sources */,
				B505BA1C2E7CE233008D2917 /* PlaceAPI.swift in Sources */,
				B505BA1D2E7CE233008D2917 /* PlaceDTO.swift in Sources */,
				B505BA222E7CE283008D2917 /* HalalMapView.swift in Sources */,
				B505BA2B2E7CF100008D2917 /* LocationProvider.swift in Sources */,
				7ED499816768FCDCC1EB81D0 /* ApplePlaceDetailService.swift in Sources */,
				C1F0B2C22F123456008D2917 /* PlaceDiskCache.swift in Sources */,
				A1B2C3D4E5F60718293A4B5D /* PlacePin.swift in Sources */,
				B1C2D3E4F5061728394A5B6D /* PlacePinsDiskCache.swift in Sources */,
				C1D2E3F405162738495A6B7D /* PlacePinsStore.swift in Sources */,
				F5C5945FAD6E3D3E8260D92C /* MapItemDetailCardView.swift in Sources */,
				A88C4F57CC85C79FA1AE103B /* MKMapItem+Compat.swift in Sources */,
				B505BA1E2E7CE233008D2917 /* SupabaseManager.swift in Sources */,
				B505BA1F2E7CE233008D2917 /* Place.swift in Sources */,
				B505BA202E7CE233008D2917 /* MKCoordinateRegion+BBox.swift in Sources */,
				F0F0AAA11B1C2D3E4F5A6B7C /* GeoScope.swift in Sources */,
				B5A1B2C52E8D1234008D2917 /* FavoritesStore.swift in Sources */,
				C2D0F1A52F9AB12300AAA111 /* YelpRatingRow.swift in Sources */,
                D1E2F3B52F9AB12300AAA223 /* Haptics.swift in Sources */,
                B58C4C1B2F2A7B4A00D4F1A2 /* CommunityTopRatedRecord.swift in Sources */,
				E1A2B3C52E8C000100000002 /* PlacePhoto.swift in Sources */,
			);
			runOnlyForDeploymentPostprocessing = 0;
		};
		B505B9DF2E7CC7FC008D2917 /* Sources */ = {
			isa = PBXSourcesBuildPhase;
			buildActionMask = 2147483647;
			files = (
			);
			runOnlyForDeploymentPostprocessing = 0;
		};
		B505B9E92E7CC7FC008D2917 /* Sources */ = {
			isa = PBXSourcesBuildPhase;
			buildActionMask = 2147483647;
			files = (
			);
			runOnlyForDeploymentPostprocessing = 0;
		};
/* End PBXSourcesBuildPhase section */

/* Begin PBXTargetDependency section */
		B505B9E52E7CC7FC008D2917 /* PBXTargetDependency */ = {
			isa = PBXTargetDependency;
			target = B505B9D52E7CC7FA008D2917 /* HalalFood */;
			targetProxy = B505B9E42E7CC7FC008D2917 /* PBXContainerItemProxy */;
		};
		B505B9EF2E7CC7FC008D2917 /* PBXTargetDependency */ = {
			isa = PBXTargetDependency;
			target = B505B9D52E7CC7FA008D2917 /* HalalFood */;
			targetProxy = B505B9EE2E7CC7FC008D2917 /* PBXContainerItemProxy */;
		};
/* End PBXTargetDependency section */

/* Begin XCBuildConfiguration section */
		B505B9F52E7CC7FC008D2917 /* Debug */ = {
			isa = XCBuildConfiguration;
			buildSettings = {
				ALWAYS_SEARCH_USER_PATHS = NO;
				ASSETCATALOG_COMPILER_GENERATE_SWIFT_ASSET_SYMBOL_EXTENSIONS = YES;
				CLANG_ANALYZER_NONNULL = YES;
				CLANG_ANALYZER_NUMBER_OBJECT_CONVERSION = YES_AGGRESSIVE;
				CLANG_CXX_LANGUAGE_STANDARD = "gnu++20";
				CLANG_ENABLE_MODULES = YES;
				CLANG_ENABLE_OBJC_ARC = YES;
				CLANG_ENABLE_OBJC_WEAK = YES;
				CLANG_WARN_BLOCK_CAPTURE_AUTORELEASING = YES;
				CLANG_WARN_BOOL_CONVERSION = YES;
				CLANG_WARN_COMMA = YES;
				CLANG_WARN_CONSTANT_CONVERSION = YES;
				CLANG_WARN_DEPRECATED_OBJC_IMPLEMENTATIONS = YES;
				CLANG_WARN_DIRECT_OBJC_ISA_USAGE = YES_ERROR;
				CLANG_WARN_DOCUMENTATION_COMMENTS = YES;
				CLANG_WARN_EMPTY_BODY = YES;
				CLANG_WARN_ENUM_CONVERSION = YES;
				CLANG_WARN_INFINITE_RECURSION = YES;
				CLANG_WARN_INT_CONVERSION = YES;
				CLANG_WARN_NON_LITERAL_NULL_CONVERSION = YES;
				CLANG_WARN_OBJC_IMPLICIT_RETAIN_SELF = YES;
				CLANG_WARN_OBJC_LITERAL_CONVERSION = YES;
				CLANG_WARN_OBJC_ROOT_CLASS = YES_ERROR;
				CLANG_WARN_QUOTED_INCLUDE_IN_FRAMEWORK_HEADER = YES;
				CLANG_WARN_RANGE_LOOP_ANALYSIS = YES;
				CLANG_WARN_STRICT_PROTOTYPES = YES;
				CLANG_WARN_SUSPICIOUS_MOVE = YES;
				CLANG_WARN_UNGUARDED_AVAILABILITY = YES_AGGRESSIVE;
				CLANG_WARN_UNREACHABLE_CODE = YES;
				CLANG_WARN__DUPLICATE_METHOD_MATCH = YES;
				COPY_PHASE_STRIP = NO;
				DEBUG_INFORMATION_FORMAT = dwarf;
				DEVELOPMENT_TEAM = 583C6A358V;
				ENABLE_STRICT_OBJC_MSGSEND = YES;
				ENABLE_TESTABILITY = YES;
				ENABLE_USER_SCRIPT_SANDBOXING = YES;
				GCC_C_LANGUAGE_STANDARD = gnu17;
				GCC_DYNAMIC_NO_PIC = NO;
				GCC_NO_COMMON_BLOCKS = YES;
				GCC_OPTIMIZATION_LEVEL = 0;
				GCC_PREPROCESSOR_DEFINITIONS = (
					"DEBUG=1",
					"$(inherited)",
				);
				GCC_WARN_64_TO_32_BIT_CONVERSION = YES;
				GCC_WARN_ABOUT_RETURN_TYPE = YES_ERROR;
				GCC_WARN_UNDECLARED_SELECTOR = YES;
				GCC_WARN_UNINITIALIZED_AUTOS = YES_AGGRESSIVE;
				GCC_WARN_UNUSED_FUNCTION = YES;
				GCC_WARN_UNUSED_VARIABLE = YES;
				IPHONEOS_DEPLOYMENT_TARGET = 26.0;
				LOCALIZATION_PREFERS_STRING_CATALOGS = YES;
				MTL_ENABLE_DEBUG_INFO = INCLUDE_SOURCE;
				MTL_FAST_MATH = YES;
				ONLY_ACTIVE_ARCH = YES;
				SDKROOT = iphoneos;
				SWIFT_ACTIVE_COMPILATION_CONDITIONS = "DEBUG $(inherited)";
				SWIFT_OPTIMIZATION_LEVEL = "-Onone";
			};
			name = Debug;
		};
		B505B9F62E7CC7FC008D2917 /* Release */ = {
			isa = XCBuildConfiguration;
			buildSettings = {
				ALWAYS_SEARCH_USER_PATHS = NO;
				ASSETCATALOG_COMPILER_GENERATE_SWIFT_ASSET_SYMBOL_EXTENSIONS = YES;
				CLANG_ANALYZER_NONNULL = YES;
				CLANG_ANALYZER_NUMBER_OBJECT_CONVERSION = YES_AGGRESSIVE;
				CLANG_CXX_LANGUAGE_STANDARD = "gnu++20";
				CLANG_ENABLE_MODULES = YES;
				CLANG_ENABLE_OBJC_ARC = YES;
				CLANG_ENABLE_OBJC_WEAK = YES;
				CLANG_WARN_BLOCK_CAPTURE_AUTORELEASING = YES;
				CLANG_WARN_BOOL_CONVERSION = YES;
				CLANG_WARN_COMMA = YES;
				CLANG_WARN_CONSTANT_CONVERSION = YES;
				CLANG_WARN_DEPRECATED_OBJC_IMPLEMENTATIONS = YES;
				CLANG_WARN_DIRECT_OBJC_ISA_USAGE = YES_ERROR;
				CLANG_WARN_DOCUMENTATION_COMMENTS = YES;
				CLANG_WARN_EMPTY_BODY = YES;
				CLANG_WARN_ENUM_CONVERSION = YES;
				CLANG_WARN_INFINITE_RECURSION = YES;
				CLANG_WARN_INT_CONVERSION = YES;
				CLANG_WARN_NON_LITERAL_NULL_CONVERSION = YES;
				CLANG_WARN_OBJC_IMPLICIT_RETAIN_SELF = YES;
				CLANG_WARN_OBJC_LITERAL_CONVERSION = YES;
				CLANG_WARN_OBJC_ROOT_CLASS = YES_ERROR;
				CLANG_WARN_QUOTED_INCLUDE_IN_FRAMEWORK_HEADER = YES;
				CLANG_WARN_RANGE_LOOP_ANALYSIS = YES;
				CLANG_WARN_STRICT_PROTOTYPES = YES;
				CLANG_WARN_SUSPICIOUS_MOVE = YES;
				CLANG_WARN_UNGUARDED_AVAILABILITY = YES_AGGRESSIVE;
				CLANG_WARN_UNREACHABLE_CODE = YES;
				CLANG_WARN__DUPLICATE_METHOD_MATCH = YES;
				COPY_PHASE_STRIP = NO;
				DEBUG_INFORMATION_FORMAT = "dwarf-with-dsym";
				DEVELOPMENT_TEAM = 583C6A358V;
				ENABLE_NS_ASSERTIONS = NO;
				ENABLE_STRICT_OBJC_MSGSEND = YES;
				ENABLE_USER_SCRIPT_SANDBOXING = YES;
				GCC_C_LANGUAGE_STANDARD = gnu17;
				GCC_NO_COMMON_BLOCKS = YES;
				GCC_WARN_64_TO_32_BIT_CONVERSION = YES;
				GCC_WARN_ABOUT_RETURN_TYPE = YES_ERROR;
				GCC_WARN_UNDECLARED_SELECTOR = YES;
				GCC_WARN_UNINITIALIZED_AUTOS = YES_AGGRESSIVE;
				GCC_WARN_UNUSED_FUNCTION = YES;
				GCC_WARN_UNUSED_VARIABLE = YES;
				IPHONEOS_DEPLOYMENT_TARGET = 26.0;
				LOCALIZATION_PREFERS_STRING_CATALOGS = YES;
				MTL_ENABLE_DEBUG_INFO = NO;
				MTL_FAST_MATH = YES;
				SDKROOT = iphoneos;
				SWIFT_COMPILATION_MODE = wholemodule;
				VALIDATE_PRODUCT = YES;
			};
			name = Release;
		};
		B505B9F82E7CC7FC008D2917 /* Debug */ = {
			isa = XCBuildConfiguration;
			buildSettings = {
				ASSETCATALOG_COMPILER_APPICON_NAME = AppIcon;
				ASSETCATALOG_COMPILER_GLOBAL_ACCENT_COLOR_NAME = AccentColor;
				CODE_SIGN_IDENTITY = "Apple Development";
				CODE_SIGN_STYLE = Automatic;
				CURRENT_PROJECT_VERSION = 1;
				DEVELOPMENT_TEAM = 583C6A358V;
				ENABLE_PREVIEWS = YES;
				GENERATE_INFOPLIST_FILE = YES;
				INFOPLIST_FILE = HalalFood/Info.plist;
				INFOPLIST_KEY_CFBundleDisplayName = "Rawa";
				INFOPLIST_KEY_NSLocationWhenInUseUsageDescription = "We use your location to show nearby halal restaurants and mosques.";
				INFOPLIST_KEY_UIApplicationSceneManifest_Generation = YES;
				INFOPLIST_KEY_UIApplicationSupportsIndirectInputEvents = YES;
				INFOPLIST_KEY_UILaunchScreen_Generation = NO;
				INFOPLIST_KEY_UILaunchStoryboardName = LaunchScreen;
				INFOPLIST_KEY_UISupportedInterfaceOrientations_iPad = "UIInterfaceOrientationPortrait UIInterfaceOrientationPortraitUpsideDown UIInterfaceOrientationLandscapeLeft UIInterfaceOrientationLandscapeRight";
				INFOPLIST_KEY_UISupportedInterfaceOrientations_iPhone = "UIInterfaceOrientationPortrait UIInterfaceOrientationLandscapeLeft UIInterfaceOrientationLandscapeRight";
				LD_RUNPATH_SEARCH_PATHS = (
					"$(inherited)",
					"@executable_path/Frameworks",
				);
				MARKETING_VERSION = 1.0;
				PRODUCT_BUNDLE_IDENTIFIER = com.umiapps.HalalMap;
				PRODUCT_NAME = "$(TARGET_NAME)";
				PROVISIONING_PROFILE_SPECIFIER = "";
				STRING_CATALOG_GENERATE_SYMBOLS = YES;
				SUPPORTED_PLATFORMS = "iphoneos iphonesimulator";
				SUPPORTS_MACCATALYST = NO;
				SUPPORTS_XR_DESIGNED_FOR_IPHONE_IPAD = NO;
				SWIFT_APPROACHABLE_CONCURRENCY = YES;
				SWIFT_ACTIVE_COMPILATION_CONDITIONS = "DEBUG $(inherited)";
				SWIFT_DEFAULT_ACTOR_ISOLATION = MainActor;
				SWIFT_EMIT_LOC_STRINGS = YES;
				SWIFT_UPCOMING_FEATURE_MEMBER_IMPORT_VISIBILITY = YES;
				SWIFT_VERSION = 5.0;
				TARGETED_DEVICE_FAMILY = "1,2";
			};
			name = Debug;
		};
		B505B9F92E7CC7FC008D2917 /* Release */ = {
			isa = XCBuildConfiguration;
			buildSettings = {
				ASSETCATALOG_COMPILER_APPICON_NAME = AppIcon;
				ASSETCATALOG_COMPILER_GLOBAL_ACCENT_COLOR_NAME = AccentColor;
				CODE_SIGN_IDENTITY = "Apple Development";
				CODE_SIGN_STYLE = Automatic;
				CURRENT_PROJECT_VERSION = 1;
				DEVELOPMENT_TEAM = 583C6A358V;
				ENABLE_PREVIEWS = YES;
				GENERATE_INFOPLIST_FILE = YES;
				INFOPLIST_FILE = HalalFood/Info.plist;
				INFOPLIST_KEY_CFBundleDisplayName = "Rawa";
				INFOPLIST_KEY_NSLocationWhenInUseUsageDescription = "We use your location to show nearby halal restaurants and mosques.";
				INFOPLIST_KEY_UIApplicationSceneManifest_Generation = YES;
				INFOPLIST_KEY_UIApplicationSupportsIndirectInputEvents = YES;
				INFOPLIST_KEY_UILaunchScreen_Generation = NO;
				INFOPLIST_KEY_UILaunchStoryboardName = LaunchScreen;
				INFOPLIST_KEY_UISupportedInterfaceOrientations_iPad = "UIInterfaceOrientationPortrait UIInterfaceOrientationPortraitUpsideDown UIInterfaceOrientationLandscapeLeft UIInterfaceOrientationLandscapeRight";
				INFOPLIST_KEY_UISupportedInterfaceOrientations_iPhone = "UIInterfaceOrientationPortrait UIInterfaceOrientationLandscapeLeft UIInterfaceOrientationLandscapeRight";
				LD_RUNPATH_SEARCH_PATHS = (
					"$(inherited)",
					"@executable_path/Frameworks",
				);
				MARKETING_VERSION = 1.0;
				PRODUCT_BUNDLE_IDENTIFIER = com.umiapps.HalalMap;
				PRODUCT_NAME = "$(TARGET_NAME)";
				PROVISIONING_PROFILE_SPECIFIER = "";
				STRING_CATALOG_GENERATE_SYMBOLS = YES;
				SUPPORTED_PLATFORMS = "iphoneos iphonesimulator";
				SUPPORTS_MACCATALYST = NO;
				SUPPORTS_XR_DESIGNED_FOR_IPHONE_IPAD = NO;
				SWIFT_APPROACHABLE_CONCURRENCY = YES;
				SWIFT_DEFAULT_ACTOR_ISOLATION = MainActor;
				SWIFT_EMIT_LOC_STRINGS = YES;
				SWIFT_UPCOMING_FEATURE_MEMBER_IMPORT_VISIBILITY = YES;
				SWIFT_VERSION = 5.0;
				TARGETED_DEVICE_FAMILY = "1,2";
			};
			name = Release;
		};
		B505B9FB2E7CC7FC008D2917 /* Debug */ = {
			isa = XCBuildConfiguration;
			buildSettings = {
				BUNDLE_LOADER = "$(TEST_HOST)";
				CODE_SIGN_STYLE = Automatic;
				CURRENT_PROJECT_VERSION = 1;
				DEVELOPMENT_TEAM = 583C6A358V;
				GENERATE_INFOPLIST_FILE = YES;
				IPHONEOS_DEPLOYMENT_TARGET = 26.0;
				MARKETING_VERSION = 1.0;
				PRODUCT_BUNDLE_IDENTIFIER = com.umiapps.HalalFoodTests;
				PRODUCT_NAME = "$(TARGET_NAME)";
				STRING_CATALOG_GENERATE_SYMBOLS = NO;
				SWIFT_APPROACHABLE_CONCURRENCY = YES;
				SWIFT_EMIT_LOC_STRINGS = NO;
				SWIFT_UPCOMING_FEATURE_MEMBER_IMPORT_VISIBILITY = YES;
				SWIFT_VERSION = 5.0;
				TARGETED_DEVICE_FAMILY = "1,2";
				TEST_HOST = "$(BUILT_PRODUCTS_DIR)/HalalFood.app/$(BUNDLE_EXECUTABLE_FOLDER_PATH)/HalalFood";
			};
			name = Debug;
		};
		B505B9FC2E7CC7FC008D2917 /* Release */ = {
			isa = XCBuildConfiguration;
			buildSettings = {
				BUNDLE_LOADER = "$(TEST_HOST)";
				CODE_SIGN_STYLE = Automatic;
				CURRENT_PROJECT_VERSION = 1;
				DEVELOPMENT_TEAM = 583C6A358V;
				GENERATE_INFOPLIST_FILE = YES;
				IPHONEOS_DEPLOYMENT_TARGET = 26.0;
				MARKETING_VERSION = 1.0;
				PRODUCT_BUNDLE_IDENTIFIER = com.umiapps.HalalFoodTests;
				PRODUCT_NAME = "$(TARGET_NAME)";
				STRING_CATALOG_GENERATE_SYMBOLS = NO;
				SWIFT_APPROACHABLE_CONCURRENCY = YES;
				SWIFT_EMIT_LOC_STRINGS = NO;
				SWIFT_UPCOMING_FEATURE_MEMBER_IMPORT_VISIBILITY = YES;
				SWIFT_VERSION = 5.0;
				TARGETED_DEVICE_FAMILY = "1,2";
				TEST_HOST = "$(BUILT_PRODUCTS_DIR)/HalalFood.app/$(BUNDLE_EXECUTABLE_FOLDER_PATH)/HalalFood";
			};
			name = Release;
		};
		B505B9FE2E7CC7FC008D2917 /* Debug */ = {
			isa = XCBuildConfiguration;
			buildSettings = {
				CODE_SIGN_STYLE = Automatic;
				CURRENT_PROJECT_VERSION = 1;
				DEVELOPMENT_TEAM = 583C6A358V;
				GENERATE_INFOPLIST_FILE = YES;
				MARKETING_VERSION = 1.0;
				PRODUCT_BUNDLE_IDENTIFIER = com.umiapps.HalalFoodUITests;
				PRODUCT_NAME = "$(TARGET_NAME)";
				STRING_CATALOG_GENERATE_SYMBOLS = NO;
				SWIFT_APPROACHABLE_CONCURRENCY = YES;
				SWIFT_EMIT_LOC_STRINGS = NO;
				SWIFT_UPCOMING_FEATURE_MEMBER_IMPORT_VISIBILITY = YES;
				SWIFT_VERSION = 5.0;
				TARGETED_DEVICE_FAMILY = "1,2";
				TEST_TARGET_NAME = HalalFood;
			};
			name = Debug;
		};
		B505B9FF2E7CC7FC008D2917 /* Release */ = {
			isa = XCBuildConfiguration;
			buildSettings = {
				CODE_SIGN_STYLE = Automatic;
				CURRENT_PROJECT_VERSION = 1;
				DEVELOPMENT_TEAM = 583C6A358V;
				GENERATE_INFOPLIST_FILE = YES;
				MARKETING_VERSION = 1.0;
				PRODUCT_BUNDLE_IDENTIFIER = com.umiapps.HalalFoodUITests;
				PRODUCT_NAME = "$(TARGET_NAME)";
				STRING_CATALOG_GENERATE_SYMBOLS = NO;
				SWIFT_APPROACHABLE_CONCURRENCY = YES;
				SWIFT_EMIT_LOC_STRINGS = NO;
				SWIFT_UPCOMING_FEATURE_MEMBER_IMPORT_VISIBILITY = YES;
				SWIFT_VERSION = 5.0;
				TARGETED_DEVICE_FAMILY = "1,2";
				TEST_TARGET_NAME = HalalFood;
			};
			name = Release;
		};
/* End XCBuildConfiguration section */

/* Begin XCConfigurationList section */
		B505B9D12E7CC7FA008D2917 /* Build configuration list for PBXProject "HalalFood" */ = {
			isa = XCConfigurationList;
			buildConfigurations = (
				B505B9F52E7CC7FC008D2917 /* Debug */,
				B505B9F62E7CC7FC008D2917 /* Release */,
			);
			defaultConfigurationIsVisible = 0;
			defaultConfigurationName = Release;
		};
		B505B9F72E7CC7FC008D2917 /* Build configuration list for PBXNativeTarget "HalalFood" */ = {
			isa = XCConfigurationList;
			buildConfigurations = (
				B505B9F82E7CC7FC008D2917 /* Debug */,
				B505B9F92E7CC7FC008D2917 /* Release */,
			);
			defaultConfigurationIsVisible = 0;
			defaultConfigurationName = Release;
		};
		B505B9FA2E7CC7FC008D2917 /* Build configuration list for PBXNativeTarget "HalalFoodTests" */ = {
			isa = XCConfigurationList;
			buildConfigurations = (
				B505B9FB2E7CC7FC008D2917 /* Debug */,
				B505B9FC2E7CC7FC008D2917 /* Release */,
			);
			defaultConfigurationIsVisible = 0;
			defaultConfigurationName = Release;
		};
		B505B9FD2E7CC7FC008D2917 /* Build configuration list for PBXNativeTarget "HalalFoodUITests" */ = {
			isa = XCConfigurationList;
			buildConfigurations = (
				B505B9FE2E7CC7FC008D2917 /* Debug */,
				B505B9FF2E7CC7FC008D2917 /* Release */,
			);
			defaultConfigurationIsVisible = 0;
			defaultConfigurationName = Release;
		};
/* End XCConfigurationList section */

/* Begin XCRemoteSwiftPackageReference section */
		B505BA122E7CE19C008D2917 /* XCRemoteSwiftPackageReference "supabase-swift" */ = {
			isa = XCRemoteSwiftPackageReference;
			repositoryURL = "https://github.com/supabase-community/supabase-swift";
			requirement = {
				kind = upToNextMajorVersion;
				minimumVersion = 2.5.1;
			};
		};
/* End XCRemoteSwiftPackageReference section */

/* Begin XCSwiftPackageProductDependency section */
		B505BA272E7CF000008D2917 /* Supabase */ = {
			isa = XCSwiftPackageProductDependency;
			package = B505BA122E7CE19C008D2917 /* XCRemoteSwiftPackageReference "supabase-swift" */;
			productName = Supabase;
		};
/* End XCSwiftPackageProductDependency section */

	};
	rootObject = B505B9CE2E7CC7FA008D2917 /* Project object */;
}
